
Microsoft Visual Studio Solution File, Format Version 12.00
# Visual Studio 2015
Project("{FAE04EC0-301F-11D3-BF4B-00C04F79EFBC}") = "Cosmic Cat", "Cosmic Cat.csproj", "{C7A4ED45-E170-F3AB-AE54-D97382FF3EFB}"
EndProject
Global
	GlobalSection(SolutionConfigurationPlatforms) = preSolution
		Debug|Any CPU = Debug|Any CPU
		Release|Any CPU = Release|Any CPU
	EndGlobalSection
	GlobalSection(ProjectConfigurationPlatforms) = postSolution
		{C7A4ED45-E170-F3AB-AE54-D97382FF3EFB}.Debug|Any CPU.ActiveCfg = Debug|Any CPU
		{C7A4ED45-E170-F3AB-AE54-D97382FF3EFB}.Debug|Any CPU.Build.0 = Debug|Any CPU
		{C7A4ED45-E170-F3AB-AE54-D97382FF3EFB}.Release|Any CPU.ActiveCfg = Release|Any CPU
		{C7A4ED45-E170-F3AB-AE54-D97382FF3EFB}.Release|Any CPU.Build.0 = Release|Any CPU
	EndGlobalSection
	GlobalSection(SolutionProperties) = preSolution
		HideSolutionNode = FALSE
	EndGlobalSection
EndGlobal
